
Microsoft Visual Studio Solution File, Format Version 12.00
# Visual Studio 15
VisualStudioVersion = 15.0.28307.489
MinimumVisualStudioVersion = 10.0.40219.1
Project("{FAE04EC0-301F-11D3-BF4B-00C04F79EFBC}") = "jewelryStore", "jewelryStore\jewelryStore.csproj", "{A86CA4E4-561A-4013-9484-F36C9D7CE4CF}"
EndProject
Global
	GlobalSection(SolutionConfigurationPlatforms) = preSolution
		Debug|Any CPU = Debug|Any CPU
		Release|Any CPU = Release|Any CPU
	EndGlobalSection
	GlobalSection(ProjectConfigurationPlatforms) = postSolution
		{A86CA4E4-561A-4013-9484-F36C9D7CE4CF}.Debug|Any CPU.ActiveCfg = Debug|Any CPU
		{A86CA4E4-561A-4013-9484-F36C9D7CE4CF}.Debug|Any CPU.Build.0 = Debug|Any CPU
		{A86CA4E4-561A-4013-9484-F36C9D7CE4CF}.Release|Any CPU.ActiveCfg = Release|Any CPU
		{A86CA4E4-561A-4013-9484-F36C9D7CE4CF}.Release|Any CPU.Build.0 = Release|Any CPU
	EndGlobalSection
	GlobalSection(SolutionProperties) = preSolution
		HideSolutionNode = FALSE
	EndGlobalSection
	GlobalSection(ExtensibilityGlobals) = postSolution
		SolutionGuid = {B2E8901D-4B97-41B5-89C0-9CEC3AD939D6}
	EndGlobalSection
EndGlobal
